
Microsoft Visual Studio Solution File, Format Version 12.00
# Visual Studio 2013
VisualStudioVersion = 12.0.30723.0
MinimumVisualStudioVersion = 10.0.40219.1
Project("{FAE04EC0-301F-11D3-BF4B-00C04F79EFBC}") = "ResolvedQuestions", "ResolvedQuestions\ResolvedQuestions.csproj", "{DC431407-CD30-4B00-B9CE-7CE67BD2EE02}"
EndProject
Global
	GlobalSection(SolutionConfigurationPlatforms) = preSolution
		Debug|Any CPU = Debug|Any CPU
		Release|Any CPU = Release|Any CPU
	EndGlobalSection
	GlobalSection(ProjectConfigurationPlatforms) = postSolution
		{DC431407-CD30-4B00-B9CE-7CE67BD2EE02}.Debug|Any CPU.ActiveCfg = Debug|Any CPU
		{DC431407-CD30-4B00-B9CE-7CE67BD2EE02}.Debug|Any CPU.Build.0 = Debug|Any CPU
		{DC431407-CD30-4B00-B9CE-7CE67BD2EE02}.Release|Any CPU.ActiveCfg = Release|Any CPU
		{DC431407-CD30-4B00-B9CE-7CE67BD2EE02}.Release|Any CPU.Build.0 = Release|Any CPU
	EndGlobalSection
	GlobalSection(SolutionProperties) = preSolution
		HideSolutionNode = FALSE
	EndGlobalSection
EndGlobal
